
Microsoft Visual Studio Solution File, Format Version 12.00
# Visual Studio Version 16
VisualStudioVersion = 25.0.1700.0
MinimumVisualStudioVersion = 10.0.40219.1
Project("{FAE04EC0-301F-11D3-BF4B-00C04F79EFBC}") = "gisreceiver", "gisreceiver\gisreceiver.csproj", "{C50F679E-960E-4F88-A915-9CE0E8ED67A5}"
EndProject
Project("{FAE04EC0-301F-11D3-BF4B-00C04F79EFBC}") = "gisreporter_", "gisreporter_\gisreporter_.csproj", "{8C85D2D7-8B74-4E9B-9D25-BFC96A59EB44}"
EndProject
Global
	GlobalSection(SolutionConfigurationPlatforms) = preSolution
		Debug|Any CPU = Debug|Any CPU
		Release|Any CPU = Release|Any CPU
	EndGlobalSection
	GlobalSection(ProjectConfigurationPlatforms) = postSolution
		{C50F679E-960E-4F88-A915-9CE0E8ED67A5}.Debug|Any CPU.ActiveCfg = Debug|Any CPU
		{C50F679E-960E-4F88-A915-9CE0E8ED67A5}.Debug|Any CPU.Build.0 = Debug|Any CPU
		{C50F679E-960E-4F88-A915-9CE0E8ED67A5}.Release|Any CPU.ActiveCfg = Release|Any CPU
		{C50F679E-960E-4F88-A915-9CE0E8ED67A5}.Release|Any CPU.Build.0 = Release|Any CPU
		{8C85D2D7-8B74-4E9B-9D25-BFC96A59EB44}.Debug|Any CPU.ActiveCfg = Debug|Any CPU
		{8C85D2D7-8B74-4E9B-9D25-BFC96A59EB44}.Debug|Any CPU.Build.0 = Debug|Any CPU
		{8C85D2D7-8B74-4E9B-9D25-BFC96A59EB44}.Release|Any CPU.ActiveCfg = Release|Any CPU
		{8C85D2D7-8B74-4E9B-9D25-BFC96A59EB44}.Release|Any CPU.Build.0 = Release|Any CPU
	EndGlobalSection
	GlobalSection(SolutionProperties) = preSolution
		HideSolutionNode = FALSE
	EndGlobalSection
	GlobalSection(ExtensibilityGlobals) = postSolution
		SolutionGuid = {2F3ACFF7-81CB-4B03-8DC0-B3B2C297756E}
	EndGlobalSection
	GlobalSection(MonoDevelopProperties) = preSolution
		Policies = $0
		$0.DotNetNamingPolicy = $1
		$1.DirectoryNamespaceAssociation = PrefixedHierarchical
		$0.TextStylePolicy = $2
		$2.inheritsSet = null
		$2.scope = text/x-csharp
		$0.CSharpFormattingPolicy = $3
		$3.scope = text/x-csharp
		$0.TextStylePolicy = $4
		$4.FileWidth = 80
		$4.TabsToSpaces = True
		$4.scope = text/plain
		$0.TextStylePolicy = $5
		$5.inheritsSet = null
		$5.scope = text/x-vs
		$0.StandardHeader = $6
	EndGlobalSection
EndGlobal
