
Microsoft Visual Studio Solution File, Format Version 12.00
# Visual Studio Version 16
VisualStudioVersion = 16.0.31624.102
MinimumVisualStudioVersion = 10.0.40219.1
Project("{FAE04EC0-301F-11D3-BF4B-00C04F79EFBC}") = "gisserver", "gisserver.csproj", "{58A7BAAA-F223-413A-89BA-45F119FF5B1B}"
EndProject
Global
	GlobalSection(SolutionConfigurationPlatforms) = preSolution
		Debug|Any CPU = Debug|Any CPU
		Release|Any CPU = Release|Any CPU
	EndGlobalSection
	GlobalSection(ProjectConfigurationPlatforms) = postSolution
		{58A7BAAA-F223-413A-89BA-45F119FF5B1B}.Debug|Any CPU.ActiveCfg = Debug|Any CPU
		{58A7BAAA-F223-413A-89BA-45F119FF5B1B}.Debug|Any CPU.Build.0 = Debug|Any CPU
		{58A7BAAA-F223-413A-89BA-45F119FF5B1B}.Release|Any CPU.ActiveCfg = Release|Any CPU
		{58A7BAAA-F223-413A-89BA-45F119FF5B1B}.Release|Any CPU.Build.0 = Release|Any CPU
	EndGlobalSection
	GlobalSection(SolutionProperties) = preSolution
		HideSolutionNode = FALSE
	EndGlobalSection
	GlobalSection(ExtensibilityGlobals) = postSolution
		SolutionGuid = {25E198D0-60BA-4279-8E79-673564634E5E}
	EndGlobalSection
EndGlobal
